
Microsoft Visual Studio Solution File, Format Version 12.00
# Visual Studio Version 16
VisualStudioVersion = 16.0.30114.105
MinimumVisualStudioVersion = 10.0.40219.1
Project("{FAE04EC0-301F-11D3-BF4B-00C04F79EFBC}") = "Mamachachas", "Mamachachas\Mamachachas.csproj", "{EAEE3AF3-2E7F-49BB-A177-BBCF24128ECF}"
EndProject
Global
	GlobalSection(SolutionConfigurationPlatforms) = preSolution
		Debug|Any CPU = Debug|Any CPU
		Release|Any CPU = Release|Any CPU
	EndGlobalSection
	GlobalSection(ProjectConfigurationPlatforms) = postSolution
		{EAEE3AF3-2E7F-49BB-A177-BBCF24128ECF}.Debug|Any CPU.ActiveCfg = Debug|Any CPU
		{EAEE3AF3-2E7F-49BB-A177-BBCF24128ECF}.Debug|Any CPU.Build.0 = Debug|Any CPU
		{EAEE3AF3-2E7F-49BB-A177-BBCF24128ECF}.Release|Any CPU.ActiveCfg = Release|Any CPU
		{EAEE3AF3-2E7F-49BB-A177-BBCF24128ECF}.Release|Any CPU.Build.0 = Release|Any CPU
	EndGlobalSection
	GlobalSection(SolutionProperties) = preSolution
		HideSolutionNode = FALSE
	EndGlobalSection
	GlobalSection(ExtensibilityGlobals) = postSolution
		SolutionGuid = {5EA0AA6A-50C0-4342-9869-40D66C49987A}
	EndGlobalSection
EndGlobal
